
Microsoft Visual Studio Solution File, Format Version 12.00
Project("{FAE04EC0-301F-11D3-BF4B-00C04F79EFBC}") = "BJ.console", "BJ.console\BJ.console.csproj", "{00618770-BC62-4989-A525-0A1956DFF82F}"
EndProject
Project("{FAE04EC0-301F-11D3-BF4B-00C04F79EFBC}") = "BJ.Domain", "BJ.Domain\BJ.Domain.csproj", "{EE60896E-F599-48B8-8666-FC98E79E1FAB}"
EndProject
Project("{FAE04EC0-301F-11D3-BF4B-00C04F79EFBC}") = "BJ.Service", "BJ.Service\BJ.Service.csproj", "{7BFA4B23-8DB7-49D0-8B3A-594CB89BC418}"
EndProject
Project("{FAE04EC0-301F-11D3-BF4B-00C04F79EFBC}") = "BJ.Data", "BJ.Data\BJ.Data.csproj", "{878804EB-A89B-4241-8DD0-A00AFB6B0E89}"
	ProjectSection(ProjectDependencies) = postProject
		{7BFA4B23-8DB7-49D0-8B3A-594CB89BC418} = {7BFA4B23-8DB7-49D0-8B3A-594CB89BC418}
	EndProjectSection
EndProject
Global
	GlobalSection(SolutionConfigurationPlatforms) = preSolution
		Debug|Any CPU = Debug|Any CPU
		Release|Any CPU = Release|Any CPU
	EndGlobalSection
	GlobalSection(ProjectConfigurationPlatforms) = postSolution
		{00618770-BC62-4989-A525-0A1956DFF82F}.Debug|Any CPU.ActiveCfg = Debug|Any CPU
		{00618770-BC62-4989-A525-0A1956DFF82F}.Debug|Any CPU.Build.0 = Debug|Any CPU
		{00618770-BC62-4989-A525-0A1956DFF82F}.Release|Any CPU.ActiveCfg = Release|Any CPU
		{00618770-BC62-4989-A525-0A1956DFF82F}.Release|Any CPU.Build.0 = Release|Any CPU
		{EE60896E-F599-48B8-8666-FC98E79E1FAB}.Debug|Any CPU.ActiveCfg = Debug|Any CPU
		{EE60896E-F599-48B8-8666-FC98E79E1FAB}.Debug|Any CPU.Build.0 = Debug|Any CPU
		{EE60896E-F599-48B8-8666-FC98E79E1FAB}.Release|Any CPU.ActiveCfg = Release|Any CPU
		{EE60896E-F599-48B8-8666-FC98E79E1FAB}.Release|Any CPU.Build.0 = Release|Any CPU
		{7BFA4B23-8DB7-49D0-8B3A-594CB89BC418}.Debug|Any CPU.ActiveCfg = Debug|Any CPU
		{7BFA4B23-8DB7-49D0-8B3A-594CB89BC418}.Debug|Any CPU.Build.0 = Debug|Any CPU
		{7BFA4B23-8DB7-49D0-8B3A-594CB89BC418}.Release|Any CPU.ActiveCfg = Release|Any CPU
		{7BFA4B23-8DB7-49D0-8B3A-594CB89BC418}.Release|Any CPU.Build.0 = Release|Any CPU
		{878804EB-A89B-4241-8DD0-A00AFB6B0E89}.Debug|Any CPU.ActiveCfg = Debug|Any CPU
		{878804EB-A89B-4241-8DD0-A00AFB6B0E89}.Debug|Any CPU.Build.0 = Debug|Any CPU
		{878804EB-A89B-4241-8DD0-A00AFB6B0E89}.Release|Any CPU.ActiveCfg = Release|Any CPU
		{878804EB-A89B-4241-8DD0-A00AFB6B0E89}.Release|Any CPU.Build.0 = Release|Any CPU
	EndGlobalSection
EndGlobal
